// !$*UTF8*$!
{
	archiveVersion = 1;
	classes = {
	};
	objectVersion = 55;
	objects = {

/* Begin PBXBuildFile section */
		7F0D13F2283169C300AE1100 /* CryptoNavApp.swift in Sources */ = {isa = PBXBuildFile; fileRef = 7F0D13F1283169C300AE1100 /* CryptoNavApp.swift */; };
		7F0D13F4283169C300AE1100 /* ContentView.swift in Sources */ = {isa = PBXBuildFile; fileRef = 7F0D13F3283169C300AE1100 /* ContentView.swift */; };
		7F0D13F6283169C900AE1100 /* Assets.xcassets in Resources */ = {isa = PBXBuildFile; fileRef = 7F0D13F5283169C900AE1100 /* Assets.xcassets */; };
		7F0D13F9283169C900AE1100 /* Preview Assets.xcassets in Resources */ = {isa = PBXBuildFile; fileRef = 7F0D13F8283169C900AE1100 /* Preview Assets.xcassets */; };
		7F0D140028316A4A00AE1100 /* CryptoListView.swift in Sources */ = {isa = PBXBuildFile; fileRef = 7F0D13FF28316A4900AE1100 /* CryptoListView.swift */; };
		7F0D140228316A5C00AE1100 /* CryptoDetailView.swift in Sources */ = {isa = PBXBuildFile; fileRef = 7F0D140128316A5C00AE1100 /* CryptoDetailView.swift */; };
		7F0D140428316A6F00AE1100 /* CryptoExchangeView.swift in Sources */ = {isa = PBXBuildFile; fileRef = 7F0D140328316A6F00AE1100 /* CryptoExchangeView.swift */; };
		7F3BAEDE286886840084C93A /* CryptoPriceRow.swift in Sources */ = {isa = PBXBuildFile; fileRef = 7F3BAEDD286886840084C93A /* CryptoPriceRow.swift */; };
		7F3BAEE128688E5C0084C93A /* CryptoCurrency.swift in Sources */ = {isa = PBXBuildFile; fileRef = 7F3BAEE028688E5C0084C93A /* CryptoCurrency.swift */; };
		7F3BAEE328688EA90084C93A /* CryptoPrice.swift in Sources */ = {isa = PBXBuildFile; fileRef = 7F3BAEE228688EA90084C93A /* CryptoPrice.swift */; };
		7F3BAEE92868F0340084C93A /* Currency.swift in Sources */ = {isa = PBXBuildFile; fileRef = 7F3BAEE82868F0340084C93A /* Currency.swift */; };
/* End PBXBuildFile section */

/* Begin PBXFileReference section */
		7F0D13EE283169C300AE1100 /* CryptoNav.app */ = {isa = PBXFileReference; explicitFileType = wrapper.application; includeInIndex = 0; path = CryptoNav.app; sourceTree = BUILT_PRODUCTS_DIR; };
		7F0D13F1283169C300AE1100 /* CryptoNavApp.swift */ = {isa = PBXFileReference; lastKnownFileType = sourcecode.swift; path = CryptoNavApp.swift; sourceTree = "<group>"; };
		7F0D13F3283169C300AE1100 /* ContentView.swift */ = {isa = PBXFileReference; lastKnownFileType = sourcecode.swift; path = ContentView.swift; sourceTree = "<group>"; };
		7F0D13F5283169C900AE1100 /* Assets.xcassets */ = {isa = PBXFileReference; lastKnownFileType = folder.assetcatalog; path = Assets.xcassets; sourceTree = "<group>"; };
		7F0D13F8283169C900AE1100 /* Preview Assets.xcassets */ = {isa = PBXFileReference; lastKnownFileType = folder.assetcatalog; path = "Preview Assets.xcassets"; sourceTree = "<group>"; };
		7F0D13FF28316A4900AE1100 /* CryptoListView.swift */ = {isa = PBXFileReference; lastKnownFileType = sourcecode.swift; path = CryptoListView.swift; sourceTree = "<group>"; };
		7F0D140128316A5C00AE1100 /* CryptoDetailView.swift */ = {isa = PBXFileReference; lastKnownFileType = sourcecode.swift; path = CryptoDetailView.swift; sourceTree = "<group>"; };
		7F0D140328316A6F00AE1100 /* CryptoExchangeView.swift */ = {isa = PBXFileReference; lastKnownFileType = sourcecode.swift; path = CryptoExchangeView.swift; sourceTree = "<group>"; };
		7F3BAEDD286886840084C93A /* CryptoPriceRow.swift */ = {isa = PBXFileReference; lastKnownFileType = sourcecode.swift; path = CryptoPriceRow.swift; sourceTree = "<group>"; };
		7F3BAEE028688E5C0084C93A /* CryptoCurrency.swift */ = {isa = PBXFileReference; lastKnownFileType = sourcecode.swift; path = CryptoCurrency.swift; sourceTree = "<group>"; };
		7F3BAEE228688EA90084C93A /* CryptoPrice.swift */ = {isa = PBXFileReference; lastKnownFileType = sourcecode.swift; path = CryptoPrice.swift; sourceTree = "<group>"; };
		7F3BAEE82868F0340084C93A /* Currency.swift */ = {isa = PBXFileReference; lastKnownFileType = sourcecode.swift; path = Currency.swift; sourceTree = "<group>"; };
/* End PBXFileReference section */

/* Begin PBXFrameworksBuildPhase section */
		7F0D13EB283169C300AE1100 /* Frameworks */ = {
			isa = PBXFrameworksBuildPhase;
			buildActionMask = 2147483647;
			files = (
			);
			runOnlyForDeploymentPostprocessing = 0;
		};
/* End PBXFrameworksBuildPhase section */

/* Begin PBXGroup section */
		7F0D13E5283169C300AE1100 = {
			isa = PBXGroup;
			children = (
				7F0D13F0283169C300AE1100 /* CryptoNav */,
				7F0D13EF283169C300AE1100 /* Products */,
			);
			sourceTree = "<group>";
		};
		7F0D13EF283169C300AE1100 /* Products */ = {
			isa = PBXGroup;
			children = (
				7F0D13EE283169C300AE1100 /* CryptoNav.app */,
			);
			name = Products;
			sourceTree = "<group>";
		};
		7F0D13F0283169C300AE1100 /* CryptoNav */ = {
			isa = PBXGroup;
			children = (
				7F3BAEDF28688D150084C93A /* Models */,
				7F3BAEDC286885EF0084C93A /* Views */,
				7F0D13F1283169C300AE1100 /* CryptoNavApp.swift */,
				7F0D13F3283169C300AE1100 /* ContentView.swift */,
				7F0D13F5283169C900AE1100 /* Assets.xcassets */,
				7F0D13F7283169C900AE1100 /* Preview Content */,
			);
			path = CryptoNav;
			sourceTree = "<group>";
		};
		7F0D13F7283169C900AE1100 /* Preview Content */ = {
			isa = PBXGroup;
			children = (
				7F0D13F8283169C900AE1100 /* Preview Assets.xcassets */,
			);
			path = "Preview Content";
			sourceTree = "<group>";
		};
		7F3BAEDC286885EF0084C93A /* Views */ = {
			isa = PBXGroup;
			children = (
				7F0D13FF28316A4900AE1100 /* CryptoListView.swift */,
				7F0D140128316A5C00AE1100 /* CryptoDetailView.swift */,
				7F0D140328316A6F00AE1100 /* CryptoExchangeView.swift */,
				7F3BAEDD286886840084C93A /* CryptoPriceRow.swift */,
			);
			path = Views;
			sourceTree = "<group>";
		};
		7F3BAEDF28688D150084C93A /* Models */ = {
			isa = PBXGroup;
			children = (
				7F3BAEE028688E5C0084C93A /* CryptoCurrency.swift */,
				7F3BAEE228688EA90084C93A /* CryptoPrice.swift */,
				7F3BAEE82868F0340084C93A /* Currency.swift */,
			);
			path = Models;
			sourceTree = "<group>";
		};
/* End PBXGroup section */

/* Begin PBXNativeTarget section */
		7F0D13ED283169C300AE1100 /* CryptoNav */ = {
			isa = PBXNativeTarget;
			buildConfigurationList = 7F0D13FC283169C900AE1100 /* Build configuration list for PBXNativeTarget "CryptoNav" */;
			buildPhases = (
				7F0D13EA283169C300AE1100 /* Sources */,
				7F0D13EB283169C300AE1100 /* Frameworks */,
				7F0D13EC283169C300AE1100 /* Resources */,
			);
			buildRules = (
			);
			dependencies = (
			);
			name = CryptoNav;
			productName = CryptoNav;
			productReference = 7F0D13EE283169C300AE1100 /* CryptoNav.app */;
			productType = "com.apple.product-type.application";
		};
/* End PBXNativeTarget section */

/* Begin PBXProject section */
		7F0D13E6283169C300AE1100 /* Project object */ = {
			isa = PBXProject;
			attributes = {
				BuildIndependentTargetsInParallel = 1;
				LastSwiftUpdateCheck = 1330;
				LastUpgradeCheck = 1330;
				TargetAttributes = {
					7F0D13ED283169C300AE1100 = {
						CreatedOnToolsVersion = 13.3.1;
					};
				};
			};
			buildConfigurationList = 7F0D13E9283169C300AE1100 /* Build configuration list for PBXProject "CryptoNav" */;
			compatibilityVersion = "Xcode 13.0";
			developmentRegion = en;
			hasScannedForEncodings = 0;
			knownRegions = (
				en,
				Base,
			);
			mainGroup = 7F0D13E5283169C300AE1100;
			productRefGroup = 7F0D13EF283169C300AE1100 /* Products */;
			projectDirPath = "";
			projectRoot = "";
			targets = (
				7F0D13ED283169C300AE1100 /* CryptoNav */,
			);
		};
/* End PBXProject section */

/* Begin PBXResourcesBuildPhase section */
		7F0D13EC283169C300AE1100 /* Resources */ = {
			isa = PBXResourcesBuildPhase;
			buildActionMask = 2147483647;
			files = (
				7F0D13F9283169C900AE1100 /* Preview Assets.xcassets in Resources */,
				7F0D13F6283169C900AE1100 /* Assets.xcassets in Resources */,
			);
			runOnlyForDeploymentPostprocessing = 0;
		};
/* End PBXResourcesBuildPhase section */

/* Begin PBXSourcesBuildPhase section */
		7F0D13EA283169C300AE1100 /* Sources */ = {
			isa = PBXSourcesBuildPhase;
			buildActionMask = 2147483647;
			files = (
				7F3BAEE92868F0340084C93A /* Currency.swift in Sources */,
				7F3BAEE328688EA90084C93A /* CryptoPrice.swift in Sources */,
				7F0D140228316A5C00AE1100 /* CryptoDetailView.swift in Sources */,
				7F0D13F4283169C300AE1100 /* ContentView.swift in Sources */,
				7F0D13F2283169C300AE1100 /* CryptoNavApp.swift in Sources */,
				7F3BAEE128688E5C0084C93A /* CryptoCurrency.swift in Sources */,
				7F3BAEDE286886840084C93A /* CryptoPriceRow.swift in Sources */,
				7F0D140028316A4A00AE1100 /* CryptoListView.swift in Sources */,
				7F0D140428316A6F00AE1100 /* CryptoExchangeView.swift in Sources */,
			);
			runOnlyForDeploymentPostprocessing = 0;
		};
/* End PBXSourcesBuildPhase section */

/* Begin XCBuildConfiguration section */
		7F0D13FA283169C900AE1100 /* Debug */ = {
			isa = XCBuildConfiguration;
			buildSettings = {
				ALWAYS_SEARCH_USER_PATHS = NO;
				CLANG_ANALYZER_NONNULL = YES;
				CLANG_ANALYZER_NUMBER_OBJECT_CONVERSION = YES_AGGRESSIVE;
				CLANG_CXX_LANGUAGE_STANDARD = "gnu++17";
				CLANG_ENABLE_MODULES = YES;
				CLANG_ENABLE_OBJC_ARC = YES;
				CLANG_ENABLE_OBJC_WEAK = YES;
				CLANG_WARN_BLOCK_CAPTURE_AUTORELEASING = YES;
				CLANG_WARN_BOOL_CONVERSION = YES;
				CLANG_WARN_COMMA = YES;
				CLANG_WARN_CONSTANT_CONVERSION = YES;
				CLANG_WARN_DEPRECATED_OBJC_IMPLEMENTATIONS = YES;
				CLANG_WARN_DIRECT_OBJC_ISA_USAGE = YES_ERROR;
				CLANG_WARN_DOCUMENTATION_COMMENTS = YES;
				CLANG_WARN_EMPTY_BODY = YES;
				CLANG_WARN_ENUM_CONVERSION = YES;
				CLANG_WARN_INFINITE_RECURSION = YES;
				CLANG_WARN_INT_CONVERSION = YES;
				CLANG_WARN_NON_LITERAL_NULL_CONVERSION = YES;
				CLANG_WARN_OBJC_IMPLICIT_RETAIN_SELF = YES;
				CLANG_WARN_OBJC_LITERAL_CONVERSION = YES;
				CLANG_WARN_OBJC_ROOT_CLASS = YES_ERROR;
				CLANG_WARN_QUOTED_INCLUDE_IN_FRAMEWORK_HEADER = YES;
				CLANG_WARN_RANGE_LOOP_ANALYSIS = YES;
				CLANG_WARN_STRICT_PROTOTYPES = YES;
				CLANG_WARN_SUSPICIOUS_MOVE = YES;
				CLANG_WARN_UNGUARDED_AVAILABILITY = YES_AGGRESSIVE;
				CLANG_WARN_UNREACHABLE_CODE = YES;
				CLANG_WARN__DUPLICATE_METHOD_MATCH = YES;
				COPY_PHASE_STRIP = NO;
				DEBUG_INFORMATION_FORMAT = dwarf;
				ENABLE_STRICT_OBJC_MSGSEND = YES;
				ENABLE_TESTABILITY = YES;
				GCC_C_LANGUAGE_STANDARD = gnu11;
				GCC_DYNAMIC_NO_PIC = NO;
				GCC_NO_COMMON_BLOCKS = YES;
				GCC_OPTIMIZATION_LEVEL = 0;
				GCC_PREPROCESSOR_DEFINITIONS = (
					"DEBUG=1",
					"$(inherited)",
				);
				GCC_WARN_64_TO_32_BIT_CONVERSION = YES;
				GCC_WARN_ABOUT_RETURN_TYPE = YES_ERROR;
				GCC_WARN_UNDECLARED_SELECTOR = YES;
				GCC_WARN_UNINITIALIZED_AUTOS = YES_AGGRESSIVE;
				GCC_WARN_UNUSED_FUNCTION = YES;
				GCC_WARN_UNUSED_VARIABLE = YES;
				IPHONEOS_DEPLOYMENT_TARGET = 15.4;
				MTL_ENABLE_DEBUG_INFO = INCLUDE_SOURCE;
				MTL_FAST_MATH = YES;
				ONLY_ACTIVE_ARCH = YES;
				SDKROOT = iphoneos;
				SWIFT_ACTIVE_COMPILATION_CONDITIONS = DEBUG;
				SWIFT_OPTIMIZATION_LEVEL = "-Onone";
			};
			name = Debug;
		};
		7F0D13FB283169C900AE1100 /* Release */ = {
			isa = XCBuildConfiguration;
			buildSettings = {
				ALWAYS_SEARCH_USER_PATHS = NO;
				CLANG_ANALYZER_NONNULL = YES;
				CLANG_ANALYZER_NUMBER_OBJECT_CONVERSION = YES_AGGRESSIVE;
				CLANG_CXX_LANGUAGE_STANDARD = "gnu++17";
				CLANG_ENABLE_MODULES = YES;
				CLANG_ENABLE_OBJC_ARC = YES;
				CLANG_ENABLE_OBJC_WEAK = YES;
				CLANG_WARN_BLOCK_CAPTURE_AUTORELEASING = YES;
				CLANG_WARN_BOOL_CONVERSION = YES;
				CLANG_WARN_COMMA = YES;
				CLANG_WARN_CONSTANT_CONVERSION = YES;
				CLANG_WARN_DEPRECATED_OBJC_IMPLEMENTATIONS = YES;
				CLANG_WARN_DIRECT_OBJC_ISA_USAGE = YES_ERROR;
				CLANG_WARN_DOCUMENTATION_COMMENTS = YES;
				CLANG_WARN_EMPTY_BODY = YES;
				CLANG_WARN_ENUM_CONVERSION = YES;
				CLANG_WARN_INFINITE_RECURSION = YES;
				CLANG_WARN_INT_CONVERSION = YES;
				CLANG_WARN_NON_LITERAL_NULL_CONVERSION = YES;
				CLANG_WARN_OBJC_IMPLICIT_RETAIN_SELF = YES;
				CLANG_WARN_OBJC_LITERAL_CONVERSION = YES;
				CLANG_WARN_OBJC_ROOT_CLASS = YES_ERROR;
				CLANG_WARN_QUOTED_INCLUDE_IN_FRAMEWORK_HEADER = YES;
				CLANG_WARN_RANGE_LOOP_ANALYSIS = YES;
				CLANG_WARN_STRICT_PROTOTYPES = YES;
				CLANG_WARN_SUSPICIOUS_MOVE = YES;
				CLANG_WARN_UNGUARDED_AVAILABILITY = YES_AGGRESSIVE;
				CLANG_WARN_UNREACHABLE_CODE = YES;
				CLANG_WARN__DUPLICATE_METHOD_MATCH = YES;
				COPY_PHASE_STRIP = NO;
				DEBUG_INFORMATION_FORMAT = "dwarf-with-dsym";
				ENABLE_NS_ASSERTIONS = NO;
				ENABLE_STRICT_OBJC_MSGSEND = YES;
				GCC_C_LANGUAGE_STANDARD = gnu11;
				GCC_NO_COMMON_BLOCKS = YES;
				GCC_WARN_64_TO_32_BIT_CONVERSION = YES;
				GCC_WARN_ABOUT_RETURN_TYPE = YES_ERROR;
				GCC_WARN_UNDECLARED_SELECTOR = YES;
				GCC_WARN_UNINITIALIZED_AUTOS = YES_AGGRESSIVE;
				GCC_WARN_UNUSED_FUNCTION = YES;
				GCC_WARN_UNUSED_VARIABLE = YES;
				IPHONEOS_DEPLOYMENT_TARGET = 15.4;
				MTL_ENABLE_DEBUG_INFO = NO;
				MTL_FAST_MATH = YES;
				SDKROOT = iphoneos;
				SWIFT_COMPILATION_MODE = wholemodule;
				SWIFT_OPTIMIZATION_LEVEL = "-O";
				VALIDATE_PRODUCT = YES;
			};
			name = Release;
		};
		7F0D13FD283169C900AE1100 /* Debug */ = {
			isa = XCBuildConfiguration;
			buildSettings = {
				ASSETCATALOG_COMPILER_APPICON_NAME = AppIcon;
				ASSETCATALOG_COMPILER_GLOBAL_ACCENT_COLOR_NAME = AccentColor;
				CODE_SIGN_STYLE = Automatic;
				CURRENT_PROJECT_VERSION = 1;
				DEVELOPMENT_ASSET_PATHS = "\"CryptoNav/Preview Content\"";
				DEVELOPMENT_TEAM = 44H9U6N2S5;
				ENABLE_PREVIEWS = YES;
				GENERATE_INFOPLIST_FILE = YES;
				INFOPLIST_KEY_UIApplicationSceneManifest_Generation = YES;
				INFOPLIST_KEY_UIApplicationSupportsIndirectInputEvents = YES;
				INFOPLIST_KEY_UILaunchScreen_Generation = YES;
				INFOPLIST_KEY_UISupportedInterfaceOrientations_iPad = "UIInterfaceOrientationPortrait UIInterfaceOrientationPortraitUpsideDown UIInterfaceOrientationLandscapeLeft UIInterfaceOrientationLandscapeRight";
				INFOPLIST_KEY_UISupportedInterfaceOrientations_iPhone = "UIInterfaceOrientationPortrait UIInterfaceOrientationLandscapeLeft UIInterfaceOrientationLandscapeRight";
				LD_RUNPATH_SEARCH_PATHS = (
					"$(inherited)",
					"@executable_path/Frameworks",
				);
				MARKETING_VERSION = 1.0;
				PRODUCT_BUNDLE_IDENTIFIER = com.anuragajwani.CryptoNav;
				PRODUCT_NAME = "$(TARGET_NAME)";
				SWIFT_EMIT_LOC_STRINGS = YES;
				SWIFT_VERSION = 5.0;
				TARGETED_DEVICE_FAMILY = "1,2";
			};
			name = Debug;
		};
		7F0D13FE283169C900AE1100 /* Release */ = {
			isa = XCBuildConfiguration;
			buildSettings = {
				ASSETCATALOG_COMPILER_APPICON_NAME = AppIcon;
				ASSETCATALOG_COMPILER_GLOBAL_ACCENT_COLOR_NAME = AccentColor;
				CODE_SIGN_STYLE = Automatic;
				CURRENT_PROJECT_VERSION = 1;
				DEVELOPMENT_ASSET_PATHS = "\"CryptoNav/Preview Content\"";
				DEVELOPMENT_TEAM = 44H9U6N2S5;
				ENABLE_PREVIEWS = YES;
				GENERATE_INFOPLIST_FILE = YES;
				INFOPLIST_KEY_UIApplicationSceneManifest_Generation = YES;
				INFOPLIST_KEY_UIApplicationSupportsIndirectInputEvents = YES;
				INFOPLIST_KEY_UILaunchScreen_Generation = YES;
				INFOPLIST_KEY_UISupportedInterfaceOrientations_iPad = "UIInterfaceOrientationPortrait UIInterfaceOrientationPortraitUpsideDown UIInterfaceOrientationLandscapeLeft UIInterfaceOrientationLandscapeRight";
				INFOPLIST_KEY_UISupportedInterfaceOrientations_iPhone = "UIInterfaceOrientationPortrait UIInterfaceOrientationLandscapeLeft UIInterfaceOrientationLandscapeRight";
				LD_RUNPATH_SEARCH_PATHS = (
					"$(inherited)",
					"@executable_path/Frameworks",
				);
				MARKETING_VERSION = 1.0;
				PRODUCT_BUNDLE_IDENTIFIER = com.anuragajwani.CryptoNav;
				PRODUCT_NAME = "$(TARGET_NAME)";
				SWIFT_EMIT_LOC_STRINGS = YES;
				SWIFT_VERSION = 5.0;
				TARGETED_DEVICE_FAMILY = "1,2";
			};
			name = Release;
		};
/* End XCBuildConfiguration section */

/* Begin XCConfigurationList section */
		7F0D13E9283169C300AE1100 /* Build configuration list for PBXProject "CryptoNav" */ = {
			isa = XCConfigurationList;
			buildConfigurations = (
				7F0D13FA283169C900AE1100 /* Debug */,
				7F0D13FB283169C900AE1100 /* Release */,
			);
			defaultConfigurationIsVisible = 0;
			defaultConfigurationName = Release;
		};
		7F0D13FC283169C900AE1100 /* Build configuration list for PBXNativeTarget "CryptoNav" */ = {
			isa = XCConfigurationList;
			buildConfigurations = (
				7F0D13FD283169C900AE1100 /* Debug */,
				7F0D13FE283169C900AE1100 /* Release */,
			);
			defaultConfigurationIsVisible = 0;
			defaultConfigurationName = Release;
		};
/* End XCConfigurationList section */
	};
	rootObject = 7F0D13E6283169C300AE1100 /* Project object */;
}
